Microsoft Visual Studio Solution File, Format Version 12.00
# Visual Studio Version 17
VisualStudioVersion = 17.5.2.0
MinimumVisualStudioVersion = 10.0.40219.1
Project("{FAE04EC0-301F-11D3-BF4B-00C04F79EFBC}") = "KessleractClient", "client\KessleractClient.csproj", "{8B8FE57F-5D31-C562-9EA4-46C181E33A86}"
EndProject
Global
	GlobalSection(SolutionConfigurationPlatforms) = preSolution
		Debug|Any CPU = Debug|Any CPU
		Release|Any CPU = Release|Any CPU
	EndGlobalSection
	GlobalSection(ProjectConfigurationPlatforms) = postSolution
		{8B8FE57F-5D31-C562-9EA4-46C181E33A86}.Debug|Any CPU.ActiveCfg = Debug|Any CPU
		{8B8FE57F-5D31-C562-9EA4-46C181E33A86}.Debug|Any CPU.Build.0 = Debug|Any CPU
		{8B8FE57F-5D31-C562-9EA4-46C181E33A86}.Release|Any CPU.ActiveCfg = Release|Any CPU
		{8B8FE57F-5D31-C562-9EA4-46C181E33A86}.Release|Any CPU.Build.0 = Release|Any CPU
	EndGlobalSection
	GlobalSection(SolutionProperties) = preSolution
		HideSolutionNode = FALSE
	EndGlobalSection
	GlobalSection(ExtensibilityGlobals) = postSolution
		SolutionGuid = {B34A6C09-521B-4143-A2F1-D0861823B610}
	EndGlobalSection
EndGlobal
